
Microsoft Visual Studio Solution File, Format Version 12.00
# Visual Studio 15
VisualStudioVersion = 15.0.28307.329
MinimumVisualStudioVersion = 10.0.40219.1
Project("{FAE04EC0-301F-11D3-BF4B-00C04F79EFBC}") = "MiyaYazilim", "MiyaYazilim\MiyaYazilim.csproj", "{874102C1-93B4-42F1-8B18-2056E22381F1}"
EndProject
Global
	GlobalSection(SolutionConfigurationPlatforms) = preSolution
		Debug|Any CPU = Debug|Any CPU
		Release|Any CPU = Release|Any CPU
	EndGlobalSection
	GlobalSection(ProjectConfigurationPlatforms) = postSolution
		{874102C1-93B4-42F1-8B18-2056E22381F1}.Debug|Any CPU.ActiveCfg = Debug|Any CPU
		{874102C1-93B4-42F1-8B18-2056E22381F1}.Debug|Any CPU.Build.0 = Debug|Any CPU
		{874102C1-93B4-42F1-8B18-2056E22381F1}.Release|Any CPU.ActiveCfg = Release|Any CPU
		{874102C1-93B4-42F1-8B18-2056E22381F1}.Release|Any CPU.Build.0 = Release|Any CPU
	EndGlobalSection
	GlobalSection(SolutionProperties) = preSolution
		HideSolutionNode = FALSE
	EndGlobalSection
	GlobalSection(ExtensibilityGlobals) = postSolution
		SolutionGuid = {6DB887AD-5C92-4CFF-9C8E-151D0394DD17}
	EndGlobalSection
EndGlobal
